
Microsoft Visual Studio Solution File, Format Version 12.00
# Visual Studio Version 17
VisualStudioVersion = 17.5.33516.290
MinimumVisualStudioVersion = 10.0.40219.1
Project("{2150E333-8FDC-42A3-9474-1A3956D46DE8}") = "src", "src", "{7C941647-6FC4-419F-9299-F1C72DD8743A}"
EndProject
Project("{2150E333-8FDC-42A3-9474-1A3956D46DE8}") = "tests", "tests", "{A2C79FCD-25AB-4E73-B8A2-31F37DEA5629}"
EndProject
Project("{2150E333-8FDC-42A3-9474-1A3956D46DE8}") = "Solution Items", "Solution Items", "{05C9BA41-EC07-455C-844F-1C1763322A99}"
EndProject
Project("{9A19103F-16F7-4668-BE54-9A1E7A4F7556}") = "vCalWriter.Tests", "tests\vCalWriter.Tests\vCalWriter.Tests.csproj", "{42B71161-C201-4E52-8AAF-F866823EDD70}"
EndProject
Project("{9A19103F-16F7-4668-BE54-9A1E7A4F7556}") = "vCalWriter", "src\vCalWriter\vCalWriter.csproj", "{C96B760A-EC1A-4A33-9F57-FF9FA1014B2A}"
EndProject
Global
	GlobalSection(SolutionConfigurationPlatforms) = preSolution
		Debug|Any CPU = Debug|Any CPU
		Release|Any CPU = Release|Any CPU
	EndGlobalSection
	GlobalSection(ProjectConfigurationPlatforms) = postSolution
		{42B71161-C201-4E52-8AAF-F866823EDD70}.Debug|Any CPU.ActiveCfg = Debug|Any CPU
		{42B71161-C201-4E52-8AAF-F866823EDD70}.Debug|Any CPU.Build.0 = Debug|Any CPU
		{42B71161-C201-4E52-8AAF-F866823EDD70}.Release|Any CPU.ActiveCfg = Release|Any CPU
		{42B71161-C201-4E52-8AAF-F866823EDD70}.Release|Any CPU.Build.0 = Release|Any CPU
		{C96B760A-EC1A-4A33-9F57-FF9FA1014B2A}.Debug|Any CPU.ActiveCfg = Debug|Any CPU
		{C96B760A-EC1A-4A33-9F57-FF9FA1014B2A}.Debug|Any CPU.Build.0 = Debug|Any CPU
		{C96B760A-EC1A-4A33-9F57-FF9FA1014B2A}.Release|Any CPU.ActiveCfg = Release|Any CPU
		{C96B760A-EC1A-4A33-9F57-FF9FA1014B2A}.Release|Any CPU.Build.0 = Release|Any CPU
	EndGlobalSection
	GlobalSection(SolutionProperties) = preSolution
		HideSolutionNode = FALSE
	EndGlobalSection
	GlobalSection(NestedProjects) = preSolution
		{42B71161-C201-4E52-8AAF-F866823EDD70} = {A2C79FCD-25AB-4E73-B8A2-31F37DEA5629}
		{C96B760A-EC1A-4A33-9F57-FF9FA1014B2A} = {7C941647-6FC4-419F-9299-F1C72DD8743A}
	EndGlobalSection
	GlobalSection(ExtensibilityGlobals) = postSolution
		SolutionGuid = {5DB476C1-0A3D-4866-B8E8-0EDB56C4FF97}
	EndGlobalSection
EndGlobal
